
Microsoft Visual Studio Solution File, Format Version 12.00
# Visual Studio Version 17
VisualStudioVersion = 17.9.34723.18
MinimumVisualStudioVersion = 10.0.40219.1
Project("{FAE04EC0-301F-11D3-BF4B-00C04F79EFBC}") = "soundspace", "soundspace\soundspace.csproj", "{E682AAE5-6996-4D49-B019-0725CF5C56F1}"
EndProject
Global
	GlobalSection(SolutionConfigurationPlatforms) = preSolution
		Debug|Any CPU = Debug|Any CPU
		Release|Any CPU = Release|Any CPU
	EndGlobalSection
	GlobalSection(ProjectConfigurationPlatforms) = postSolution
		{E682AAE5-6996-4D49-B019-0725CF5C56F1}.Debug|Any CPU.ActiveCfg = Debug|Any CPU
		{E682AAE5-6996-4D49-B019-0725CF5C56F1}.Debug|Any CPU.Build.0 = Debug|Any CPU
		{E682AAE5-6996-4D49-B019-0725CF5C56F1}.Release|Any CPU.ActiveCfg = Release|Any CPU
		{E682AAE5-6996-4D49-B019-0725CF5C56F1}.Release|Any CPU.Build.0 = Release|Any CPU
	EndGlobalSection
	GlobalSection(SolutionProperties) = preSolution
		HideSolutionNode = FALSE
	EndGlobalSection
	GlobalSection(ExtensibilityGlobals) = postSolution
		SolutionGuid = {70B2143C-7417-4D4B-86C3-9D55B1246A64}
	EndGlobalSection
EndGlobal
