
Microsoft Visual Studio Solution File, Format Version 12.00
# Visual Studio Version 17
VisualStudioVersion = 17.9.34701.34
MinimumVisualStudioVersion = 10.0.40219.1
Project("{FAE04EC0-301F-11D3-BF4B-00C04F79EFBC}") = "be", "be\be.csproj", "{AA7B0224-104E-4D4F-90C4-A1938EB95294}"
EndProject
Global
	GlobalSection(SolutionConfigurationPlatforms) = preSolution
		Debug|Any CPU = Debug|Any CPU
		Release|Any CPU = Release|Any CPU
	EndGlobalSection
	GlobalSection(ProjectConfigurationPlatforms) = postSolution
		{AA7B0224-104E-4D4F-90C4-A1938EB95294}.Debug|Any CPU.ActiveCfg = Debug|Any CPU
		{AA7B0224-104E-4D4F-90C4-A1938EB95294}.Debug|Any CPU.Build.0 = Debug|Any CPU
		{AA7B0224-104E-4D4F-90C4-A1938EB95294}.Release|Any CPU.ActiveCfg = Release|Any CPU
		{AA7B0224-104E-4D4F-90C4-A1938EB95294}.Release|Any CPU.Build.0 = Release|Any CPU
	EndGlobalSection
	GlobalSection(SolutionProperties) = preSolution
		HideSolutionNode = FALSE
	EndGlobalSection
	GlobalSection(ExtensibilityGlobals) = postSolution
		SolutionGuid = {C4642B35-B277-468E-A73D-42BDDCC79DF9}
	EndGlobalSection
EndGlobal
